
Microsoft Visual Studio Solution File, Format Version 12.00
# Visual Studio 15
VisualStudioVersion = 15.0.28307.1300
MinimumVisualStudioVersion = 10.0.40219.1
Project("{FAE04EC0-301F-11D3-BF4B-00C04F79EFBC}") = "API", "API\API.csproj", "{2E5B7877-26C6-420C-8738-E6E38BB5CCC7}"
EndProject
Global
	GlobalSection(SolutionConfigurationPlatforms) = preSolution
		Debug|Any CPU = Debug|Any CPU
		Release|Any CPU = Release|Any CPU
	EndGlobalSection
	GlobalSection(ProjectConfigurationPlatforms) = postSolution
		{2E5B7877-26C6-420C-8738-E6E38BB5CCC7}.Debug|Any CPU.ActiveCfg = Debug|Any CPU
		{2E5B7877-26C6-420C-8738-E6E38BB5CCC7}.Debug|Any CPU.Build.0 = Debug|Any CPU
		{2E5B7877-26C6-420C-8738-E6E38BB5CCC7}.Release|Any CPU.ActiveCfg = Release|Any CPU
		{2E5B7877-26C6-420C-8738-E6E38BB5CCC7}.Release|Any CPU.Build.0 = Release|Any CPU
	EndGlobalSection
	GlobalSection(SolutionProperties) = preSolution
		HideSolutionNode = FALSE
	EndGlobalSection
	GlobalSection(ExtensibilityGlobals) = postSolution
		SolutionGuid = {2ED0C517-6380-42EA-85CB-F8F22033524F}
	EndGlobalSection
EndGlobal
